
Microsoft Visual Studio Solution File, Format Version 12.00
# Visual Studio 15
VisualStudioVersion = 15.0.28307.489
MinimumVisualStudioVersion = 10.0.40219.1
Project("{FAE04EC0-301F-11D3-BF4B-00C04F79EFBC}") = "CBAPI_Insights", "CBAPI_Insights\CBAPI_Insights.csproj", "{5DF042BA-85E6-4E4E-A2DB-9BF9D58F03C7}"
EndProject
Global
	GlobalSection(SolutionConfigurationPlatforms) = preSolution
		Debug|Any CPU = Debug|Any CPU
		Release|Any CPU = Release|Any CPU
	EndGlobalSection
	GlobalSection(ProjectConfigurationPlatforms) = postSolution
		{5DF042BA-85E6-4E4E-A2DB-9BF9D58F03C7}.Debug|Any CPU.ActiveCfg = Debug|Any CPU
		{5DF042BA-85E6-4E4E-A2DB-9BF9D58F03C7}.Debug|Any CPU.Build.0 = Debug|Any CPU
		{5DF042BA-85E6-4E4E-A2DB-9BF9D58F03C7}.Release|Any CPU.ActiveCfg = Release|Any CPU
		{5DF042BA-85E6-4E4E-A2DB-9BF9D58F03C7}.Release|Any CPU.Build.0 = Release|Any CPU
	EndGlobalSection
	GlobalSection(SolutionProperties) = preSolution
		HideSolutionNode = FALSE
	EndGlobalSection
	GlobalSection(ExtensibilityGlobals) = postSolution
		SolutionGuid = {7A213392-ACB5-47DE-8729-01D3D5D68DAE}
	EndGlobalSection
EndGlobal
